<?xml version="1.0" encoding="utf-8"?>
<Project ToolsVersion="4.0" xmlns="http://schemas.microsoft.com/developer/msbuild/2003">
  <ItemGroup>
    <ClCompile Include="main.cpp" />
    <ClCompile Include="DataProvider\AVIContainer.cpp" />
  </ItemGroup>
  <ItemGroup>
    <ClInclude Include="FUSEHandler.h" />
    <ClInclude Include="DataProvider\AVIContainer.h" />
    <ClInclude Include="DataProvider\AVIStruct.h" />
    <ClInclude Include="DataProvider\SimpleTree.h" />
  </ItemGroup>
  <ItemGroup>
    <Filter Include="DataProvider">
      <UniqueIdentifier>{9d5ba978-3908-44ab-9ecb-7492bf30b297}</UniqueIdentifier>
    </Filter>
  </ItemGroup>
</Project>